
Microsoft Visual Studio Solution File, Format Version 12.00
# Visual Studio Version 17
VisualStudioVersion = 17.1.32210.238
MinimumVisualStudioVersion = 10.0.40219.1
Project("{8BC9CEB8-8B4A-11D0-8D11-00A0C91BC942}") = "Minecraft-function-generator", "Minecraft-function-generator.vcxproj", "{2660CFB0-B379-494F-8752-8B83CE694907}"
EndProject
Global
	GlobalSection(SolutionConfigurationPlatforms) = preSolution
		Debug|x64 = Debug|x64
		Debug|x86 = Debug|x86
		Release|x64 = Release|x64
		Release|x86 = Release|x86
	EndGlobalSection
	GlobalSection(ProjectConfigurationPlatforms) = postSolution
		{2660CFB0-B379-494F-8752-8B83CE694907}.Debug|x64.ActiveCfg = Debug|x64
		{2660CFB0-B379-494F-8752-8B83CE694907}.Debug|x64.Build.0 = Debug|x64
		{2660CFB0-B379-494F-8752-8B83CE694907}.Debug|x86.ActiveCfg = Debug|Win32
		{2660CFB0-B379-494F-8752-8B83CE694907}.Debug|x86.Build.0 = Debug|Win32
		{2660CFB0-B379-494F-8752-8B83CE694907}.Release|x64.ActiveCfg = Release|x64
		{2660CFB0-B379-494F-8752-8B83CE694907}.Release|x64.Build.0 = Release|x64
		{2660CFB0-B379-494F-8752-8B83CE694907}.Release|x86.ActiveCfg = Release|Win32
		{2660CFB0-B379-494F-8752-8B83CE694907}.Release|x86.Build.0 = Release|Win32
	EndGlobalSection
	GlobalSection(SolutionProperties) = preSolution
		HideSolutionNode = FALSE
	EndGlobalSection
	GlobalSection(ExtensibilityGlobals) = postSolution
		SolutionGuid = {EFA9A183-3F00-46D7-8BFE-0FBD03487C88}
	EndGlobalSection
EndGlobal
